<?xml version="1.0" encoding="utf-8"?>
<Project ToolsVersion="4.0" xmlns="http://schemas.microsoft.com/developer/msbuild/2003">
  <ItemGroup>
    <Filter Include="Archivos de recursos">
      <UniqueIdentifier>{67DA6AB6-F800-4c08-8B7A-83BB121AAD01}</UniqueIdentifier>
      <Extensions>rc;ico;cur;bmp;dlg;rc2;rct;bin;rgs;gif;jpg;jpeg;jpe;resx;tiff;tif;png;wav;mfcribbon-ms</Extensions>
    </Filter>
    <Filter Include="Negocio objetos especificos">
      <UniqueIdentifier>{93995380-89BD-4b04-88EB-625FBE52EBFB}</UniqueIdentifier>
      <Extensions>h;hh;hpp;hxx;h++;hm;inl;inc;ipp;xsd</Extensions>
    </Filter>
    <Filter Include="Negocio contenedores">
      <UniqueIdentifier>{4FC737F1-C7A5-4376-A066-2A32D752A2FF}</UniqueIdentifier>
      <Extensions>cpp;c;cc;cxx;c++;cppm;ixx;def;odl;idl;hpj;bat;asm;asmx</Extensions>
    </Filter>
    <Filter Include="interfaz">
      <UniqueIdentifier>{a4bc536a-bf87-48c8-b946-28010395540b}</UniqueIdentifier>
    </Filter>
    <Filter Include="Negocio Controlador">
      <UniqueIdentifier>{5cf18d05-7095-495f-88d3-d763d4f3c6d2}</UniqueIdentifier>
    </Filter>
  </ItemGroup>
  <ItemGroup>
    <ClCompile Include="nodoS.cpp">
      <Filter>Negocio contenedores</Filter>
    </ClCompile>
    <ClCompile Include="listaSimple.cpp">
      <Filter>Negocio contenedores</Filter>
    </ClCompile>
    <ClCompile Include="pila.cpp">
      <Filter>Negocio contenedores</Filter>
    </ClCompile>
    <ClCompile Include="cola.cpp">
      <Filter>Negocio contenedores</Filter>
    </ClCompile>
    <ClCompile Include="tarea1.cpp">
      <Filter>interfaz</Filter>
    </ClCompile>
    <ClCompile Include="gestor.cpp">
      <Filter>Negocio Controlador</Filter>
    </ClCompile>
  </ItemGroup>
  <ItemGroup>
    <ClInclude Include="nodoS.h">
      <Filter>Negocio objetos especificos</Filter>
    </ClInclude>
    <ClInclude Include="listaSimple.h">
      <Filter>Negocio objetos especificos</Filter>
    </ClInclude>
    <ClInclude Include="pila.h">
      <Filter>Negocio objetos especificos</Filter>
    </ClInclude>
    <ClInclude Include="cola.h">
      <Filter>Negocio objetos especificos</Filter>
    </ClInclude>
    <ClInclude Include="gestor.h">
      <Filter>Negocio objetos especificos</Filter>
    </ClInclude>
  </ItemGroup>
</Project>